
Microsoft Visual Studio Solution File, Format Version 12.00
# Visual Studio 15
VisualStudioVersion = 15.0.27428.1
MinimumVisualStudioVersion = 10.0.40219.1
Project("{E24C65DC-7377-472B-9ABA-BC803B73C61A}") = "ImageGallery", ".", "{3DADD16C-4F2D-47EA-8E89-204E60468264}"
	ProjectSection(WebsiteProperties) = preProject
		TargetFrameworkMoniker = ".NETFramework,Version%3Dv4.0"
		Debug.AspNetCompiler.VirtualPath = "/localhost_50317"
		Debug.AspNetCompiler.PhysicalPath = "..\..\..\..\..\Repos\ImageGallery\"
		Debug.AspNetCompiler.TargetPath = "PrecompiledWeb\localhost_50317\"
		Debug.AspNetCompiler.Updateable = "true"
		Debug.AspNetCompiler.ForceOverwrite = "true"
		Debug.AspNetCompiler.FixedNames = "false"
		Debug.AspNetCompiler.Debug = "True"
		Release.AspNetCompiler.VirtualPath = "/localhost_50317"
		Release.AspNetCompiler.PhysicalPath = "..\..\..\..\..\Repos\ImageGallery\"
		Release.AspNetCompiler.TargetPath = "PrecompiledWeb\localhost_50317\"
		Release.AspNetCompiler.Updateable = "true"
		Release.AspNetCompiler.ForceOverwrite = "true"
		Release.AspNetCompiler.FixedNames = "false"
		Release.AspNetCompiler.Debug = "False"
		VWDPort = "50317"
	EndProjectSection
EndProject
Global
	GlobalSection(SolutionConfigurationPlatforms) = preSolution
		Debug|Any CPU = Debug|Any CPU
	EndGlobalSection
	GlobalSection(ProjectConfigurationPlatforms) = postSolution
		{3DADD16C-4F2D-47EA-8E89-204E60468264}.Debug|Any CPU.ActiveCfg = Debug|Any CPU
		{3DADD16C-4F2D-47EA-8E89-204E60468264}.Debug|Any CPU.Build.0 = Debug|Any CPU
	EndGlobalSection
	GlobalSection(SolutionProperties) = preSolution
		HideSolutionNode = FALSE
	EndGlobalSection
	GlobalSection(ExtensibilityGlobals) = postSolution
		SolutionGuid = {A023FDDA-8266-4502-A3D0-9248301E881B}
	EndGlobalSection
EndGlobal
